
Microsoft Visual Studio Solution File, Format Version 12.00
# Visual Studio Version 16
VisualStudioVersion = 16.0.30804.86
MinimumVisualStudioVersion = 15.0.26124.0
Project("{2150E333-8FDC-42A3-9474-1A3956D46DE8}") = "Src", "Src", "{5250EE0C-2B60-44E2-922D-8655954F8589}"
EndProject
Project("{9A19103F-16F7-4668-BE54-9A1E7A4F7556}") = "Core", "Src\Core\Core.csproj", "{F9C56772-D3C9-45C0-93E5-3DCA63889F8E}"
EndProject
Project("{9A19103F-16F7-4668-BE54-9A1E7A4F7556}") = "Application", "Src\Application\Application.csproj", "{AE2A6BD7-9874-4277-802F-E40569C5D771}"
EndProject
Project("{9A19103F-16F7-4668-BE54-9A1E7A4F7556}") = "Infrastructure", "Src\Infrastructure\Infrastructure.csproj", "{92BC0237-3307-4B90-9500-F2AEB451A2A4}"
EndProject
Project("{9A19103F-16F7-4668-BE54-9A1E7A4F7556}") = "Web", "Web\Web.csproj", "{598DA8C9-FBE5-4E67-8394-81EF0C791093}"
EndProject
Project("{2150E333-8FDC-42A3-9474-1A3956D46DE8}") = ".documents", ".documents", "{D55A5E9C-8655-4565-A418-E9D4AB22C1E4}"
	ProjectSection(SolutionItems) = preProject
		.documents\ProvaPratica_Celso_de_Almeida_Leite_F.txt = .documents\ProvaPratica_Celso_de_Almeida_Leite_F.txt
	EndProjectSection
EndProject
Project("{2150E333-8FDC-42A3-9474-1A3956D46DE8}") = "Teste", "Teste", "{345CBF3C-7A62-452C-A592-A0CF9659EC53}"
EndProject
Project("{9A19103F-16F7-4668-BE54-9A1E7A4F7556}") = "NUnitTest", "Teste\NUnitTest\NUnitTest.csproj", "{9C4746DF-BCB6-4E4F-A82C-69C1E33480B3}"
EndProject
Project("{9A19103F-16F7-4668-BE54-9A1E7A4F7556}") = "UiForms", "Forms\UiForms\UiForms.csproj", "{807678BF-9184-4733-A9A7-6264A74B6D2D}"
EndProject
Global
	GlobalSection(SolutionConfigurationPlatforms) = preSolution
		Debug|Any CPU = Debug|Any CPU
		Debug|x64 = Debug|x64
		Debug|x86 = Debug|x86
		Release|Any CPU = Release|Any CPU
		Release|x64 = Release|x64
		Release|x86 = Release|x86
	EndGlobalSection
	GlobalSection(ProjectConfigurationPlatforms) = postSolution
		{F9C56772-D3C9-45C0-93E5-3DCA63889F8E}.Debug|Any CPU.ActiveCfg = Debug|Any CPU
		{F9C56772-D3C9-45C0-93E5-3DCA63889F8E}.Debug|Any CPU.Build.0 = Debug|Any CPU
		{F9C56772-D3C9-45C0-93E5-3DCA63889F8E}.Debug|x64.ActiveCfg = Debug|Any CPU
		{F9C56772-D3C9-45C0-93E5-3DCA63889F8E}.Debug|x64.Build.0 = Debug|Any CPU
		{F9C56772-D3C9-45C0-93E5-3DCA63889F8E}.Debug|x86.ActiveCfg = Debug|Any CPU
		{F9C56772-D3C9-45C0-93E5-3DCA63889F8E}.Debug|x86.Build.0 = Debug|Any CPU
		{F9C56772-D3C9-45C0-93E5-3DCA63889F8E}.Release|Any CPU.ActiveCfg = Release|Any CPU
		{F9C56772-D3C9-45C0-93E5-3DCA63889F8E}.Release|Any CPU.Build.0 = Release|Any CPU
		{F9C56772-D3C9-45C0-93E5-3DCA63889F8E}.Release|x64.ActiveCfg = Release|Any CPU
		{F9C56772-D3C9-45C0-93E5-3DCA63889F8E}.Release|x64.Build.0 = Release|Any CPU
		{F9C56772-D3C9-45C0-93E5-3DCA63889F8E}.Release|x86.ActiveCfg = Release|Any CPU
		{F9C56772-D3C9-45C0-93E5-3DCA63889F8E}.Release|x86.Build.0 = Release|Any CPU
		{AE2A6BD7-9874-4277-802F-E40569C5D771}.Debug|Any CPU.ActiveCfg = Debug|Any CPU
		{AE2A6BD7-9874-4277-802F-E40569C5D771}.Debug|Any CPU.Build.0 = Debug|Any CPU
		{AE2A6BD7-9874-4277-802F-E40569C5D771}.Debug|x64.ActiveCfg = Debug|Any CPU
		{AE2A6BD7-9874-4277-802F-E40569C5D771}.Debug|x64.Build.0 = Debug|Any CPU
		{AE2A6BD7-9874-4277-802F-E40569C5D771}.Debug|x86.ActiveCfg = Debug|Any CPU
		{AE2A6BD7-9874-4277-802F-E40569C5D771}.Debug|x86.Build.0 = Debug|Any CPU
		{AE2A6BD7-9874-4277-802F-E40569C5D771}.Release|Any CPU.ActiveCfg = Release|Any CPU
		{AE2A6BD7-9874-4277-802F-E40569C5D771}.Release|Any CPU.Build.0 = Release|Any CPU
		{AE2A6BD7-9874-4277-802F-E40569C5D771}.Release|x64.ActiveCfg = Release|Any CPU
		{AE2A6BD7-9874-4277-802F-E40569C5D771}.Release|x64.Build.0 = Release|Any CPU
		{AE2A6BD7-9874-4277-802F-E40569C5D771}.Release|x86.ActiveCfg = Release|Any CPU
		{AE2A6BD7-9874-4277-802F-E40569C5D771}.Release|x86.Build.0 = Release|Any CPU
		{92BC0237-3307-4B90-9500-F2AEB451A2A4}.Debug|Any CPU.ActiveCfg = Debug|Any CPU
		{92BC0237-3307-4B90-9500-F2AEB451A2A4}.Debug|Any CPU.Build.0 = Debug|Any CPU
		{92BC0237-3307-4B90-9500-F2AEB451A2A4}.Debug|x64.ActiveCfg = Debug|Any CPU
		{92BC0237-3307-4B90-9500-F2AEB451A2A4}.Debug|x64.Build.0 = Debug|Any CPU
		{92BC0237-3307-4B90-9500-F2AEB451A2A4}.Debug|x86.ActiveCfg = Debug|Any CPU
		{92BC0237-3307-4B90-9500-F2AEB451A2A4}.Debug|x86.Build.0 = Debug|Any CPU
		{92BC0237-3307-4B90-9500-F2AEB451A2A4}.Release|Any CPU.ActiveCfg = Release|Any CPU
		{92BC0237-3307-4B90-9500-F2AEB451A2A4}.Release|Any CPU.Build.0 = Release|Any CPU
		{92BC0237-3307-4B90-9500-F2AEB451A2A4}.Release|x64.ActiveCfg = Release|Any CPU
		{92BC0237-3307-4B90-9500-F2AEB451A2A4}.Release|x64.Build.0 = Release|Any CPU
		{92BC0237-3307-4B90-9500-F2AEB451A2A4}.Release|x86.ActiveCfg = Release|Any CPU
		{92BC0237-3307-4B90-9500-F2AEB451A2A4}.Release|x86.Build.0 = Release|Any CPU
		{598DA8C9-FBE5-4E67-8394-81EF0C791093}.Debug|Any CPU.ActiveCfg = Debug|Any CPU
		{598DA8C9-FBE5-4E67-8394-81EF0C791093}.Debug|Any CPU.Build.0 = Debug|Any CPU
		{598DA8C9-FBE5-4E67-8394-81EF0C791093}.Debug|x64.ActiveCfg = Debug|Any CPU
		{598DA8C9-FBE5-4E67-8394-81EF0C791093}.Debug|x64.Build.0 = Debug|Any CPU
		{598DA8C9-FBE5-4E67-8394-81EF0C791093}.Debug|x86.ActiveCfg = Debug|Any CPU
		{598DA8C9-FBE5-4E67-8394-81EF0C791093}.Debug|x86.Build.0 = Debug|Any CPU
		{598DA8C9-FBE5-4E67-8394-81EF0C791093}.Release|Any CPU.ActiveCfg = Release|Any CPU
		{598DA8C9-FBE5-4E67-8394-81EF0C791093}.Release|Any CPU.Build.0 = Release|Any CPU
		{598DA8C9-FBE5-4E67-8394-81EF0C791093}.Release|x64.ActiveCfg = Release|Any CPU
		{598DA8C9-FBE5-4E67-8394-81EF0C791093}.Release|x64.Build.0 = Release|Any CPU
		{598DA8C9-FBE5-4E67-8394-81EF0C791093}.Release|x86.ActiveCfg = Release|Any CPU
		{598DA8C9-FBE5-4E67-8394-81EF0C791093}.Release|x86.Build.0 = Release|Any CPU
		{9C4746DF-BCB6-4E4F-A82C-69C1E33480B3}.Debug|Any CPU.ActiveCfg = Debug|Any CPU
		{9C4746DF-BCB6-4E4F-A82C-69C1E33480B3}.Debug|Any CPU.Build.0 = Debug|Any CPU
		{9C4746DF-BCB6-4E4F-A82C-69C1E33480B3}.Debug|x64.ActiveCfg = Debug|Any CPU
		{9C4746DF-BCB6-4E4F-A82C-69C1E33480B3}.Debug|x64.Build.0 = Debug|Any CPU
		{9C4746DF-BCB6-4E4F-A82C-69C1E33480B3}.Debug|x86.ActiveCfg = Debug|Any CPU
		{9C4746DF-BCB6-4E4F-A82C-69C1E33480B3}.Debug|x86.Build.0 = Debug|Any CPU
		{9C4746DF-BCB6-4E4F-A82C-69C1E33480B3}.Release|Any CPU.ActiveCfg = Release|Any CPU
		{9C4746DF-BCB6-4E4F-A82C-69C1E33480B3}.Release|Any CPU.Build.0 = Release|Any CPU
		{9C4746DF-BCB6-4E4F-A82C-69C1E33480B3}.Release|x64.ActiveCfg = Release|Any CPU
		{9C4746DF-BCB6-4E4F-A82C-69C1E33480B3}.Release|x64.Build.0 = Release|Any CPU
		{9C4746DF-BCB6-4E4F-A82C-69C1E33480B3}.Release|x86.ActiveCfg = Release|Any CPU
		{9C4746DF-BCB6-4E4F-A82C-69C1E33480B3}.Release|x86.Build.0 = Release|Any CPU
		{807678BF-9184-4733-A9A7-6264A74B6D2D}.Debug|Any CPU.ActiveCfg = Debug|Any CPU
		{807678BF-9184-4733-A9A7-6264A74B6D2D}.Debug|Any CPU.Build.0 = Debug|Any CPU
		{807678BF-9184-4733-A9A7-6264A74B6D2D}.Debug|x64.ActiveCfg = Debug|Any CPU
		{807678BF-9184-4733-A9A7-6264A74B6D2D}.Debug|x64.Build.0 = Debug|Any CPU
		{807678BF-9184-4733-A9A7-6264A74B6D2D}.Debug|x86.ActiveCfg = Debug|Any CPU
		{807678BF-9184-4733-A9A7-6264A74B6D2D}.Debug|x86.Build.0 = Debug|Any CPU
		{807678BF-9184-4733-A9A7-6264A74B6D2D}.Release|Any CPU.ActiveCfg = Release|Any CPU
		{807678BF-9184-4733-A9A7-6264A74B6D2D}.Release|Any CPU.Build.0 = Release|Any CPU
		{807678BF-9184-4733-A9A7-6264A74B6D2D}.Release|x64.ActiveCfg = Release|Any CPU
		{807678BF-9184-4733-A9A7-6264A74B6D2D}.Release|x64.Build.0 = Release|Any CPU
		{807678BF-9184-4733-A9A7-6264A74B6D2D}.Release|x86.ActiveCfg = Release|Any CPU
		{807678BF-9184-4733-A9A7-6264A74B6D2D}.Release|x86.Build.0 = Release|Any CPU
	EndGlobalSection
	GlobalSection(SolutionProperties) = preSolution
		HideSolutionNode = FALSE
	EndGlobalSection
	GlobalSection(NestedProjects) = preSolution
		{F9C56772-D3C9-45C0-93E5-3DCA63889F8E} = {5250EE0C-2B60-44E2-922D-8655954F8589}
		{AE2A6BD7-9874-4277-802F-E40569C5D771} = {5250EE0C-2B60-44E2-922D-8655954F8589}
		{92BC0237-3307-4B90-9500-F2AEB451A2A4} = {5250EE0C-2B60-44E2-922D-8655954F8589}
		{9C4746DF-BCB6-4E4F-A82C-69C1E33480B3} = {345CBF3C-7A62-452C-A592-A0CF9659EC53}
	EndGlobalSection
	GlobalSection(ExtensibilityGlobals) = postSolution
		SolutionGuid = {BB6100D3-2B5B-4826-A119-ECC54B84A4FC}
	EndGlobalSection
EndGlobal
