
Microsoft Visual Studio Solution File, Format Version 12.00
# Visual Studio Version 16
VisualStudioVersion = 16.0.30114.105
MinimumVisualStudioVersion = 10.0.40219.1
Project("{2150E333-8FDC-42A3-9474-1A3956D46DE8}") = "Src", "Src", "{1B52ADD5-7EB1-4397-92D1-9C12D3F1C21A}"
EndProject
Project("{2150E333-8FDC-42A3-9474-1A3956D46DE8}") = "UI", "UI", "{F319C268-B335-4280-88FD-3939297F00B4}"
EndProject
Project("{2150E333-8FDC-42A3-9474-1A3956D46DE8}") = "Web", "Web", "{614A1F91-EE21-4F0E-AB05-140B8D321A4D}"
EndProject
Project("{9A19103F-16F7-4668-BE54-9A1E7A4F7556}") = "Application", "Src\Application\Application.csproj", "{79095568-D14A-439C-B0B2-A9D9FBA8350B}"
EndProject
Project("{9A19103F-16F7-4668-BE54-9A1E7A4F7556}") = "Core", "Src\Core\Core.csproj", "{DCCDE483-36E1-44CD-8BA5-7110BB3BD885}"
EndProject
Project("{9A19103F-16F7-4668-BE54-9A1E7A4F7556}") = "Infrastructure", "Src\Infrastructure\Infrastructure.csproj", "{7BE3F5A8-69EF-46D3-8B24-E40F46003A9B}"
EndProject
Project("{9A19103F-16F7-4668-BE54-9A1E7A4F7556}") = "Ui", "UI\UI\Ui.csproj", "{3266540F-9075-4FE5-8051-FB9E6D73B356}"
EndProject
Project("{9A19103F-16F7-4668-BE54-9A1E7A4F7556}") = "Web", "Web\Web.csproj", "{5D2B07FA-0D16-4733-A218-9A4E3B11CE40}"
EndProject
Global
	GlobalSection(SolutionConfigurationPlatforms) = preSolution
		Debug|Any CPU = Debug|Any CPU
		Debug|x64 = Debug|x64
		Debug|x86 = Debug|x86
		Release|Any CPU = Release|Any CPU
		Release|x64 = Release|x64
		Release|x86 = Release|x86
	EndGlobalSection
	GlobalSection(ProjectConfigurationPlatforms) = postSolution
		{79095568-D14A-439C-B0B2-A9D9FBA8350B}.Debug|Any CPU.ActiveCfg = Debug|Any CPU
		{79095568-D14A-439C-B0B2-A9D9FBA8350B}.Debug|Any CPU.Build.0 = Debug|Any CPU
		{79095568-D14A-439C-B0B2-A9D9FBA8350B}.Debug|x64.ActiveCfg = Debug|Any CPU
		{79095568-D14A-439C-B0B2-A9D9FBA8350B}.Debug|x64.Build.0 = Debug|Any CPU
		{79095568-D14A-439C-B0B2-A9D9FBA8350B}.Debug|x86.ActiveCfg = Debug|Any CPU
		{79095568-D14A-439C-B0B2-A9D9FBA8350B}.Debug|x86.Build.0 = Debug|Any CPU
		{79095568-D14A-439C-B0B2-A9D9FBA8350B}.Release|Any CPU.ActiveCfg = Release|Any CPU
		{79095568-D14A-439C-B0B2-A9D9FBA8350B}.Release|Any CPU.Build.0 = Release|Any CPU
		{79095568-D14A-439C-B0B2-A9D9FBA8350B}.Release|x64.ActiveCfg = Release|Any CPU
		{79095568-D14A-439C-B0B2-A9D9FBA8350B}.Release|x64.Build.0 = Release|Any CPU
		{79095568-D14A-439C-B0B2-A9D9FBA8350B}.Release|x86.ActiveCfg = Release|Any CPU
		{79095568-D14A-439C-B0B2-A9D9FBA8350B}.Release|x86.Build.0 = Release|Any CPU
		{DCCDE483-36E1-44CD-8BA5-7110BB3BD885}.Debug|Any CPU.ActiveCfg = Debug|Any CPU
		{DCCDE483-36E1-44CD-8BA5-7110BB3BD885}.Debug|Any CPU.Build.0 = Debug|Any CPU
		{DCCDE483-36E1-44CD-8BA5-7110BB3BD885}.Debug|x64.ActiveCfg = Debug|Any CPU
		{DCCDE483-36E1-44CD-8BA5-7110BB3BD885}.Debug|x64.Build.0 = Debug|Any CPU
		{DCCDE483-36E1-44CD-8BA5-7110BB3BD885}.Debug|x86.ActiveCfg = Debug|Any CPU
		{DCCDE483-36E1-44CD-8BA5-7110BB3BD885}.Debug|x86.Build.0 = Debug|Any CPU
		{DCCDE483-36E1-44CD-8BA5-7110BB3BD885}.Release|Any CPU.ActiveCfg = Release|Any CPU
		{DCCDE483-36E1-44CD-8BA5-7110BB3BD885}.Release|Any CPU.Build.0 = Release|Any CPU
		{DCCDE483-36E1-44CD-8BA5-7110BB3BD885}.Release|x64.ActiveCfg = Release|Any CPU
		{DCCDE483-36E1-44CD-8BA5-7110BB3BD885}.Release|x64.Build.0 = Release|Any CPU
		{DCCDE483-36E1-44CD-8BA5-7110BB3BD885}.Release|x86.ActiveCfg = Release|Any CPU
		{DCCDE483-36E1-44CD-8BA5-7110BB3BD885}.Release|x86.Build.0 = Release|Any CPU
		{7BE3F5A8-69EF-46D3-8B24-E40F46003A9B}.Debug|Any CPU.ActiveCfg = Debug|Any CPU
		{7BE3F5A8-69EF-46D3-8B24-E40F46003A9B}.Debug|Any CPU.Build.0 = Debug|Any CPU
		{7BE3F5A8-69EF-46D3-8B24-E40F46003A9B}.Debug|x64.ActiveCfg = Debug|Any CPU
		{7BE3F5A8-69EF-46D3-8B24-E40F46003A9B}.Debug|x64.Build.0 = Debug|Any CPU
		{7BE3F5A8-69EF-46D3-8B24-E40F46003A9B}.Debug|x86.ActiveCfg = Debug|Any CPU
		{7BE3F5A8-69EF-46D3-8B24-E40F46003A9B}.Debug|x86.Build.0 = Debug|Any CPU
		{7BE3F5A8-69EF-46D3-8B24-E40F46003A9B}.Release|Any CPU.ActiveCfg = Release|Any CPU
		{7BE3F5A8-69EF-46D3-8B24-E40F46003A9B}.Release|Any CPU.Build.0 = Release|Any CPU
		{7BE3F5A8-69EF-46D3-8B24-E40F46003A9B}.Release|x64.ActiveCfg = Release|Any CPU
		{7BE3F5A8-69EF-46D3-8B24-E40F46003A9B}.Release|x64.Build.0 = Release|Any CPU
		{7BE3F5A8-69EF-46D3-8B24-E40F46003A9B}.Release|x86.ActiveCfg = Release|Any CPU
		{7BE3F5A8-69EF-46D3-8B24-E40F46003A9B}.Release|x86.Build.0 = Release|Any CPU
		{3266540F-9075-4FE5-8051-FB9E6D73B356}.Debug|Any CPU.ActiveCfg = Debug|Any CPU
		{3266540F-9075-4FE5-8051-FB9E6D73B356}.Debug|Any CPU.Build.0 = Debug|Any CPU
		{3266540F-9075-4FE5-8051-FB9E6D73B356}.Debug|x64.ActiveCfg = Debug|Any CPU
		{3266540F-9075-4FE5-8051-FB9E6D73B356}.Debug|x64.Build.0 = Debug|Any CPU
		{3266540F-9075-4FE5-8051-FB9E6D73B356}.Debug|x86.ActiveCfg = Debug|Any CPU
		{3266540F-9075-4FE5-8051-FB9E6D73B356}.Debug|x86.Build.0 = Debug|Any CPU
		{3266540F-9075-4FE5-8051-FB9E6D73B356}.Release|Any CPU.ActiveCfg = Release|Any CPU
		{3266540F-9075-4FE5-8051-FB9E6D73B356}.Release|Any CPU.Build.0 = Release|Any CPU
		{3266540F-9075-4FE5-8051-FB9E6D73B356}.Release|x64.ActiveCfg = Release|Any CPU
		{3266540F-9075-4FE5-8051-FB9E6D73B356}.Release|x64.Build.0 = Release|Any CPU
		{3266540F-9075-4FE5-8051-FB9E6D73B356}.Release|x86.ActiveCfg = Release|Any CPU
		{3266540F-9075-4FE5-8051-FB9E6D73B356}.Release|x86.Build.0 = Release|Any CPU
		{5D2B07FA-0D16-4733-A218-9A4E3B11CE40}.Debug|Any CPU.ActiveCfg = Debug|Any CPU
		{5D2B07FA-0D16-4733-A218-9A4E3B11CE40}.Debug|Any CPU.Build.0 = Debug|Any CPU
		{5D2B07FA-0D16-4733-A218-9A4E3B11CE40}.Debug|x64.ActiveCfg = Debug|Any CPU
		{5D2B07FA-0D16-4733-A218-9A4E3B11CE40}.Debug|x64.Build.0 = Debug|Any CPU
		{5D2B07FA-0D16-4733-A218-9A4E3B11CE40}.Debug|x86.ActiveCfg = Debug|Any CPU
		{5D2B07FA-0D16-4733-A218-9A4E3B11CE40}.Debug|x86.Build.0 = Debug|Any CPU
		{5D2B07FA-0D16-4733-A218-9A4E3B11CE40}.Release|Any CPU.ActiveCfg = Release|Any CPU
		{5D2B07FA-0D16-4733-A218-9A4E3B11CE40}.Release|Any CPU.Build.0 = Release|Any CPU
		{5D2B07FA-0D16-4733-A218-9A4E3B11CE40}.Release|x64.ActiveCfg = Release|Any CPU
		{5D2B07FA-0D16-4733-A218-9A4E3B11CE40}.Release|x64.Build.0 = Release|Any CPU
		{5D2B07FA-0D16-4733-A218-9A4E3B11CE40}.Release|x86.ActiveCfg = Release|Any CPU
		{5D2B07FA-0D16-4733-A218-9A4E3B11CE40}.Release|x86.Build.0 = Release|Any CPU
	EndGlobalSection
	GlobalSection(SolutionProperties) = preSolution
		HideSolutionNode = FALSE
	EndGlobalSection
	GlobalSection(NestedProjects) = preSolution
		{79095568-D14A-439C-B0B2-A9D9FBA8350B} = {1B52ADD5-7EB1-4397-92D1-9C12D3F1C21A}
		{DCCDE483-36E1-44CD-8BA5-7110BB3BD885} = {1B52ADD5-7EB1-4397-92D1-9C12D3F1C21A}
		{7BE3F5A8-69EF-46D3-8B24-E40F46003A9B} = {1B52ADD5-7EB1-4397-92D1-9C12D3F1C21A}
		{3266540F-9075-4FE5-8051-FB9E6D73B356} = {F319C268-B335-4280-88FD-3939297F00B4}
		{5D2B07FA-0D16-4733-A218-9A4E3B11CE40} = {614A1F91-EE21-4F0E-AB05-140B8D321A4D}
	EndGlobalSection
	GlobalSection(ExtensibilityGlobals) = postSolution
		SolutionGuid = {E1CFF884-C582-4819-A0D9-25FCE738DC34}
	EndGlobalSection
EndGlobal
